
Microsoft Visual Studio Solution File, Format Version 12.00
# Visual Studio 14
VisualStudioVersion = 14.0.25420.1
MinimumVisualStudioVersion = 10.0.40219.1
Project("{FAE04EC0-301F-11D3-BF4B-00C04F79EFBC}") = "InteractiveViewSystem", "InteractiveViewSystemFirstApp\InteractiveViewSystem.csproj", "{10B03F07-12AC-4903-9A92-9084F4B42510}"
EndProject
Project("{FAE04EC0-301F-11D3-BF4B-00C04F79EFBC}") = "InteractiveViewSystemTests", "InteractiveViewSystemTests\InteractiveViewSystemTests.csproj", "{33A3D5EF-527D-4B50-A5F1-8D2CE6C42318}"
EndProject
Project("{FAE04EC0-301F-11D3-BF4B-00C04F79EFBC}") = "TestApplication", "TestApplication\TestApplication.csproj", "{D7588A1B-CE2E-4E01-A78C-D2BA38886930}"
EndProject
Project("{FAE04EC0-301F-11D3-BF4B-00C04F79EFBC}") = "InteractiveViewSystemUseGenericExample", "InteractiveViewSystemUseGenericExample\InteractiveViewSystemUseGenericExample.csproj", "{4400CFEE-F7C4-41A3-ACD0-8526CB3369BD}"
EndProject
Project("{FAE04EC0-301F-11D3-BF4B-00C04F79EFBC}") = "BusRoutes", "BusRoutes\BusRoutes.csproj", "{06C2CD2E-6FE2-484A-9872-F0C17F63DCCC}"
EndProject
Project("{FAE04EC0-301F-11D3-BF4B-00C04F79EFBC}") = "DeliveryExample", "DeliveryExample\DeliveryExample.csproj", "{758C70A3-81FA-42B0-B552-3C2648388F32}"
EndProject
Project("{FAE04EC0-301F-11D3-BF4B-00C04F79EFBC}") = "BusRoutesCreateDBConsoleApplication", "BusRoutesCreateDBConsoleApplication\BusRoutesCreateDBConsoleApplication.csproj", "{260B9736-33FB-44CF-8D8B-4BC714728044}"
EndProject
Global
	GlobalSection(SolutionConfigurationPlatforms) = preSolution
		Debug|Any CPU = Debug|Any CPU
		Release|Any CPU = Release|Any CPU
	EndGlobalSection
	GlobalSection(ProjectConfigurationPlatforms) = postSolution
		{10B03F07-12AC-4903-9A92-9084F4B42510}.Debug|Any CPU.ActiveCfg = Debug|Any CPU
		{10B03F07-12AC-4903-9A92-9084F4B42510}.Debug|Any CPU.Build.0 = Debug|Any CPU
		{10B03F07-12AC-4903-9A92-9084F4B42510}.Release|Any CPU.ActiveCfg = Release|Any CPU
		{10B03F07-12AC-4903-9A92-9084F4B42510}.Release|Any CPU.Build.0 = Release|Any CPU
		{33A3D5EF-527D-4B50-A5F1-8D2CE6C42318}.Debug|Any CPU.ActiveCfg = Debug|Any CPU
		{33A3D5EF-527D-4B50-A5F1-8D2CE6C42318}.Debug|Any CPU.Build.0 = Debug|Any CPU
		{33A3D5EF-527D-4B50-A5F1-8D2CE6C42318}.Release|Any CPU.ActiveCfg = Release|Any CPU
		{33A3D5EF-527D-4B50-A5F1-8D2CE6C42318}.Release|Any CPU.Build.0 = Release|Any CPU
		{D7588A1B-CE2E-4E01-A78C-D2BA38886930}.Debug|Any CPU.ActiveCfg = Debug|Any CPU
		{D7588A1B-CE2E-4E01-A78C-D2BA38886930}.Debug|Any CPU.Build.0 = Debug|Any CPU
		{D7588A1B-CE2E-4E01-A78C-D2BA38886930}.Release|Any CPU.ActiveCfg = Release|Any CPU
		{D7588A1B-CE2E-4E01-A78C-D2BA38886930}.Release|Any CPU.Build.0 = Release|Any CPU
		{4400CFEE-F7C4-41A3-ACD0-8526CB3369BD}.Debug|Any CPU.ActiveCfg = Debug|Any CPU
		{4400CFEE-F7C4-41A3-ACD0-8526CB3369BD}.Debug|Any CPU.Build.0 = Debug|Any CPU
		{4400CFEE-F7C4-41A3-ACD0-8526CB3369BD}.Release|Any CPU.ActiveCfg = Release|Any CPU
		{4400CFEE-F7C4-41A3-ACD0-8526CB3369BD}.Release|Any CPU.Build.0 = Release|Any CPU
		{06C2CD2E-6FE2-484A-9872-F0C17F63DCCC}.Debug|Any CPU.ActiveCfg = Debug|Any CPU
		{06C2CD2E-6FE2-484A-9872-F0C17F63DCCC}.Debug|Any CPU.Build.0 = Debug|Any CPU
		{06C2CD2E-6FE2-484A-9872-F0C17F63DCCC}.Release|Any CPU.ActiveCfg = Release|Any CPU
		{06C2CD2E-6FE2-484A-9872-F0C17F63DCCC}.Release|Any CPU.Build.0 = Release|Any CPU
		{758C70A3-81FA-42B0-B552-3C2648388F32}.Debug|Any CPU.ActiveCfg = Debug|Any CPU
		{758C70A3-81FA-42B0-B552-3C2648388F32}.Debug|Any CPU.Build.0 = Debug|Any CPU
		{758C70A3-81FA-42B0-B552-3C2648388F32}.Release|Any CPU.ActiveCfg = Release|Any CPU
		{758C70A3-81FA-42B0-B552-3C2648388F32}.Release|Any CPU.Build.0 = Release|Any CPU
		{260B9736-33FB-44CF-8D8B-4BC714728044}.Debug|Any CPU.ActiveCfg = Debug|Any CPU
		{260B9736-33FB-44CF-8D8B-4BC714728044}.Debug|Any CPU.Build.0 = Debug|Any CPU
		{260B9736-33FB-44CF-8D8B-4BC714728044}.Release|Any CPU.ActiveCfg = Release|Any CPU
		{260B9736-33FB-44CF-8D8B-4BC714728044}.Release|Any CPU.Build.0 = Release|Any CPU
	EndGlobalSection
	GlobalSection(SolutionProperties) = preSolution
		HideSolutionNode = FALSE
	EndGlobalSection
EndGlobal
