
Microsoft Visual Studio Solution File, Format Version 12.00
# Visual Studio 15
VisualStudioVersion = 15.0.28307.539
MinimumVisualStudioVersion = 10.0.40219.1
Project("{FAE04EC0-301F-11D3-BF4B-00C04F79EFBC}") = "InteractiveViewSystem", "InteractiveViewSystemFirstApp\InteractiveViewSystem.csproj", "{10B03F07-12AC-4903-9A92-9084F4B42510}"
EndProject
Project("{FAE04EC0-301F-11D3-BF4B-00C04F79EFBC}") = "InteractiveViewSystemTests", "InteractiveViewSystemTests\InteractiveViewSystemTests.csproj", "{33A3D5EF-527D-4B50-A5F1-8D2CE6C42318}"
EndProject
Project("{FAE04EC0-301F-11D3-BF4B-00C04F79EFBC}") = "InteractiveViewSystemUseGenericExample", "InteractiveViewSystemUseGenericExample\InteractiveViewSystemUseGenericExample.csproj", "{4400CFEE-F7C4-41A3-ACD0-8526CB3369BD}"
EndProject
Project("{FAE04EC0-301F-11D3-BF4B-00C04F79EFBC}") = "BusRoutes", "BusRoutes\BusRoutes.csproj", "{06C2CD2E-6FE2-484A-9872-F0C17F63DCCC}"
EndProject
Project("{FAE04EC0-301F-11D3-BF4B-00C04F79EFBC}") = "DeliveryExample", "DeliveryExample\DeliveryExample.csproj", "{758C70A3-81FA-42B0-B552-3C2648388F32}"
EndProject
Project("{2150E333-8FDC-42A3-9474-1A3956D46DE8}") = "UsageExamples", "UsageExamples", "{ECBE0056-6F45-4A23-B360-C71EC31508AD}"
EndProject
Project("{2150E333-8FDC-42A3-9474-1A3956D46DE8}") = "BusRoutes", "BusRoutes", "{9957EC7D-0616-41A6-89A6-6FE263A64DF9}"
EndProject
Project("{2150E333-8FDC-42A3-9474-1A3956D46DE8}") = "Delivery", "Delivery", "{7370E6C4-2CAA-42B8-8EBA-D12AECA277FF}"
EndProject
Project("{2150E333-8FDC-42A3-9474-1A3956D46DE8}") = "ShopsProducts", "ShopsProducts", "{A4A2E936-0538-45E3-90BE-1BE2F427EEA8}"
EndProject
Global
	GlobalSection(SolutionConfigurationPlatforms) = preSolution
		Debug|Any CPU = Debug|Any CPU
		Release|Any CPU = Release|Any CPU
	EndGlobalSection
	GlobalSection(ProjectConfigurationPlatforms) = postSolution
		{10B03F07-12AC-4903-9A92-9084F4B42510}.Debug|Any CPU.ActiveCfg = Debug|Any CPU
		{10B03F07-12AC-4903-9A92-9084F4B42510}.Debug|Any CPU.Build.0 = Debug|Any CPU
		{10B03F07-12AC-4903-9A92-9084F4B42510}.Release|Any CPU.ActiveCfg = Release|Any CPU
		{10B03F07-12AC-4903-9A92-9084F4B42510}.Release|Any CPU.Build.0 = Release|Any CPU
		{33A3D5EF-527D-4B50-A5F1-8D2CE6C42318}.Debug|Any CPU.ActiveCfg = Debug|Any CPU
		{33A3D5EF-527D-4B50-A5F1-8D2CE6C42318}.Debug|Any CPU.Build.0 = Debug|Any CPU
		{33A3D5EF-527D-4B50-A5F1-8D2CE6C42318}.Release|Any CPU.ActiveCfg = Release|Any CPU
		{33A3D5EF-527D-4B50-A5F1-8D2CE6C42318}.Release|Any CPU.Build.0 = Release|Any CPU
		{4400CFEE-F7C4-41A3-ACD0-8526CB3369BD}.Debug|Any CPU.ActiveCfg = Debug|Any CPU
		{4400CFEE-F7C4-41A3-ACD0-8526CB3369BD}.Debug|Any CPU.Build.0 = Debug|Any CPU
		{4400CFEE-F7C4-41A3-ACD0-8526CB3369BD}.Release|Any CPU.ActiveCfg = Release|Any CPU
		{4400CFEE-F7C4-41A3-ACD0-8526CB3369BD}.Release|Any CPU.Build.0 = Release|Any CPU
		{06C2CD2E-6FE2-484A-9872-F0C17F63DCCC}.Debug|Any CPU.ActiveCfg = Debug|Any CPU
		{06C2CD2E-6FE2-484A-9872-F0C17F63DCCC}.Debug|Any CPU.Build.0 = Debug|Any CPU
		{06C2CD2E-6FE2-484A-9872-F0C17F63DCCC}.Release|Any CPU.ActiveCfg = Release|Any CPU
		{06C2CD2E-6FE2-484A-9872-F0C17F63DCCC}.Release|Any CPU.Build.0 = Release|Any CPU
		{758C70A3-81FA-42B0-B552-3C2648388F32}.Debug|Any CPU.ActiveCfg = Debug|Any CPU
		{758C70A3-81FA-42B0-B552-3C2648388F32}.Debug|Any CPU.Build.0 = Debug|Any CPU
		{758C70A3-81FA-42B0-B552-3C2648388F32}.Release|Any CPU.ActiveCfg = Release|Any CPU
		{758C70A3-81FA-42B0-B552-3C2648388F32}.Release|Any CPU.Build.0 = Release|Any CPU
	EndGlobalSection
	GlobalSection(SolutionProperties) = preSolution
		HideSolutionNode = FALSE
	EndGlobalSection
	GlobalSection(NestedProjects) = preSolution
		{4400CFEE-F7C4-41A3-ACD0-8526CB3369BD} = {A4A2E936-0538-45E3-90BE-1BE2F427EEA8}
		{06C2CD2E-6FE2-484A-9872-F0C17F63DCCC} = {9957EC7D-0616-41A6-89A6-6FE263A64DF9}
		{758C70A3-81FA-42B0-B552-3C2648388F32} = {7370E6C4-2CAA-42B8-8EBA-D12AECA277FF}
		{9957EC7D-0616-41A6-89A6-6FE263A64DF9} = {ECBE0056-6F45-4A23-B360-C71EC31508AD}
		{7370E6C4-2CAA-42B8-8EBA-D12AECA277FF} = {ECBE0056-6F45-4A23-B360-C71EC31508AD}
		{A4A2E936-0538-45E3-90BE-1BE2F427EEA8} = {ECBE0056-6F45-4A23-B360-C71EC31508AD}
	EndGlobalSection
	GlobalSection(ExtensibilityGlobals) = postSolution
		SolutionGuid = {7F7B6ADC-FBF3-446D-9760-3E66D11214A8}
	EndGlobalSection
EndGlobal
